
Microsoft Visual Studio Solution File, Format Version 12.00
# Visual Studio Version 17
VisualStudioVersion = 17.9.34723.18
MinimumVisualStudioVersion = 10.0.40219.1
Project("{FAE04EC0-301F-11D3-BF4B-00C04F79EFBC}") = "MHWDotNetCore.ConsoleApp", "MHWDotNetCore.ConsoleApp\MHWDotNetCore.ConsoleApp.csproj", "{FD7ADAB0-BFF5-43B1-9B99-00D2403CADAF}"
EndProject
Project("{2150E333-8FDC-42A3-9474-1A3956D46DE8}") = "Documents", "Documents", "{D8EB2EE9-D451-4F15-A731-53544A0FF84B}"
	ProjectSection(SolutionItems) = preProject
		README.md = README.md
	EndProjectSection
EndProject
Global
	GlobalSection(SolutionConfigurationPlatforms) = preSolution
		Debug|Any CPU = Debug|Any CPU
		Release|Any CPU = Release|Any CPU
	EndGlobalSection
	GlobalSection(ProjectConfigurationPlatforms) = postSolution
		{FD7ADAB0-BFF5-43B1-9B99-00D2403CADAF}.Debug|Any CPU.ActiveCfg = Debug|Any CPU
		{FD7ADAB0-BFF5-43B1-9B99-00D2403CADAF}.Debug|Any CPU.Build.0 = Debug|Any CPU
		{FD7ADAB0-BFF5-43B1-9B99-00D2403CADAF}.Release|Any CPU.ActiveCfg = Release|Any CPU
		{FD7ADAB0-BFF5-43B1-9B99-00D2403CADAF}.Release|Any CPU.Build.0 = Release|Any CPU
	EndGlobalSection
	GlobalSection(SolutionProperties) = preSolution
		HideSolutionNode = FALSE
	EndGlobalSection
	GlobalSection(ExtensibilityGlobals) = postSolution
		SolutionGuid = {E42A2B94-2895-428A-9394-C92174DA0D45}
	EndGlobalSection
EndGlobal
